
Microsoft Visual Studio Solution File, Format Version 12.00
# Visual Studio Version 16
VisualStudioVersion = 16.0.31205.134
MinimumVisualStudioVersion = 10.0.40219.1
Project("{FAE04EC0-301F-11D3-BF4B-00C04F79EFBC}") = "WpfFiltriranje", "WpfFiltriranje\WpfFiltriranje.csproj", "{69F643F5-7FFA-4537-BA7F-7F5BB4C0A78B}"
EndProject
Global
	GlobalSection(SolutionConfigurationPlatforms) = preSolution
		Debug|Any CPU = Debug|Any CPU
		Release|Any CPU = Release|Any CPU
	EndGlobalSection
	GlobalSection(ProjectConfigurationPlatforms) = postSolution
		{69F643F5-7FFA-4537-BA7F-7F5BB4C0A78B}.Debug|Any CPU.ActiveCfg = Debug|Any CPU
		{69F643F5-7FFA-4537-BA7F-7F5BB4C0A78B}.Debug|Any CPU.Build.0 = Debug|Any CPU
		{69F643F5-7FFA-4537-BA7F-7F5BB4C0A78B}.Release|Any CPU.ActiveCfg = Release|Any CPU
		{69F643F5-7FFA-4537-BA7F-7F5BB4C0A78B}.Release|Any CPU.Build.0 = Release|Any CPU
	EndGlobalSection
	GlobalSection(SolutionProperties) = preSolution
		HideSolutionNode = FALSE
	EndGlobalSection
	GlobalSection(ExtensibilityGlobals) = postSolution
		SolutionGuid = {3629FA19-E4D8-4805-8972-99D1D430518E}
	EndGlobalSection
EndGlobal
